{
  "name": "wxmini_demo",
  "version": "1.0.0",
  "lockfileVersion": 1,
  "requires": true,
  "dependencies": {
    "@vant/weapp": {
      "version": "1.9.2",
      "resolved": "https://registry.npmmirror.com/@vant/weapp/download/@vant/weapp-1.9.2.tgz",
      "integrity": "sha1-QGF0wR0/Qh277/mVpVbOHTBimQg="
    }
  }
}
